{
  "name": "pi-startup-redraw-fix",
  "version": "0.1.9",
  "lockfileVersion": 3,
  "requires": true,
  "packages": {
    "": {
      "name": "pi-startup-redraw-fix",
      "version": "0.1.9",
      "license": "MIT",
      "engines": {
        "node": ">=20"
      },
      "peerDependencies": {
        "@mariozechner/pi-coding-agent": "^0.70.2",
        "@mariozechner/pi-tui": "^0.70.2"
      }
    }
  }
}
